// !$*UTF8*$!
{
	archiveVersion = 1;
	classes = {
	};
	objectVersion = 77;
	objects = {

/* Begin PBXBuildFile section */
		9109EB192CE70172005F1C09 /* WidgetKit.framework in Frameworks */ = {isa = PBXBuildFile; fileRef = 9109EB182CE70172005F1C09 /* WidgetKit.framework */; };
		9109EB1B2CE70172005F1C09 /* SwiftUI.framework in Frameworks */ = {isa = PBXBuildFile; fileRef = 9109EB1A2CE70172005F1C09 /* SwiftUI.framework */; };
		9109EB2C2CE70174005F1C09 /* Poem of the Day WidgetExtension.appex in Embed Foundation Extensions */ = {isa = PBXBuildFile; fileRef = 9109EB162CE70172005F1C09 /* Poem of the Day WidgetExtension.appex */; settings = {ATTRIBUTES = (RemoveHeadersOnCopy, ); }; };
		911A8ED02DEB882300C72055 /* TestPlan.xctestplan in Resources */ = {isa = PBXBuildFile; fileRef = 911A8ECF2DEB882300C72055 /* TestPlan.xctestplan */; };
		918645882ED6397800F5FCC5 /* .bazelversion 2 in Resources */ = {isa = PBXBuildFile; fileRef = 918645872ED6397800F5FCC5 /* .bazelversion 2 */; };
		9186458A2ED639A500F5FCC5 /* BAZEL_MIGRATION.md in Resources */ = {isa = PBXBuildFile; fileRef = 918645892ED639A500F5FCC5 /* BAZEL_MIGRATION.md */; };
		
		9186458E2ED639DE00F5FCC5 /* BAZEL_SETUP_SUMMARY.md in Resources */ = {isa = PBXBuildFile; fileRef = 9186458D2ED639DE00F5FCC5 /* BAZEL_SETUP_SUMMARY.md */; };
		918645902ED63A0F00F5FCC5 /* BAZEL_ARCHITECTURE.md in Resources */ = {isa = PBXBuildFile; fileRef = 9186458F2ED63A0F00F5FCC5 /* BAZEL_ARCHITECTURE.md */; };
		918645922ED63A1E00F5FCC5 /* .gitignore 2 in Resources */ = {isa = PBXBuildFile; fileRef = 918645912ED63A1E00F5FCC5 /* .gitignore 2 */; };
		918645942ED63A4800F5FCC5 /* BAZEL_CHECKLIST.md in Resources */ = {isa = PBXBuildFile; fileRef = 918645932ED63A4800F5FCC5 /* BAZEL_CHECKLIST.md */; };
		918645962ED63A7600F5FCC5 /* BAZEL_QUICK_REF.txt in Resources */ = {isa = PBXBuildFile; fileRef = 918645952ED63A7600F5FCC5 /* BAZEL_QUICK_REF.txt */; };
		918645982ED645F500F5FCC5 /* UITestExtensions.swift in Sources */ = {isa = PBXBuildFile; fileRef = 918645972ED645F500F5FCC5 /* UITestExtensions.swift */; };
		91A69DC92CECCBBC00E2AC19 /* README.md in Resources */ = {isa = PBXBuildFile; fileRef = 91A69DC72CECCBB500E2AC19 /* README.md */; };
/* End PBXBuildFile section */

/* Begin PBXContainerItemProxy section */
		9109EAF62CE6F483005F1C09 /* PBXContainerItemProxy */ = {
			isa = PBXContainerItemProxy;
			containerPortal = 9109EADD2CE6F481005F1C09 /* Project object */;
			proxyType = 1;
			remoteGlobalIDString = 9109EAE42CE6F481005F1C09;
			remoteInfo = "Poem of the Day";
		};
		9109EB002CE6F483005F1C09 /* PBXContainerItemProxy */ = {
			isa = PBXContainerItemProxy;
			containerPortal = 9109EADD2CE6F481005F1C09 /* Project object */;
			proxyType = 1;
			remoteGlobalIDString = 9109EAE42CE6F481005F1C09;
			remoteInfo = "Poem of the Day";
		};
		9109EB2A2CE70174005F1C09 /* PBXContainerItemProxy */ = {
			isa = PBXContainerItemProxy;
			containerPortal = 9109EADD2CE6F481005F1C09 /* Project object */;
			proxyType = 1;
			remoteGlobalIDString = 9109EB152CE70172005F1C09;
			remoteInfo = "Poem of the Day WidgetExtension";
		};
/* End PBXContainerItemProxy section */

/* Begin PBXCopyFilesBuildPhase section */
		9109EB312CE70174005F1C09 /* Embed Foundation Extensions */ = {
			isa = PBXCopyFilesBuildPhase;
			buildActionMask = 2147483647;
			dstPath = "";
			dstSubfolderSpec = 13;
			files = (
				9109EB2C2CE70174005F1C09 /* Poem of the Day WidgetExtension.appex in Embed Foundation Extensions */,
			);
			name = "Embed Foundation Extensions";
			runOnlyForDeploymentPostprocessing = 0;
		};
/* End PBXCopyFilesBuildPhase section */

/* Begin PBXFileReference section */
		9109EAE52CE6F481005F1C09 /* Poem of the Day.app */ = {isa = PBXFileReference; explicitFileType = wrapper.application; includeInIndex = 0; path = "Poem of the Day.app"; sourceTree = BUILT_PRODUCTS_DIR; };
		9109EAF52CE6F483005F1C09 /* Poem of the DayTests.xctest */ = {isa = PBXFileReference; explicitFileType = wrapper.cfbundle; includeInIndex = 0; path = "Poem of the DayTests.xctest"; sourceTree = BUILT_PRODUCTS_DIR; };
		9109EAFF2CE6F483005F1C09 /* Poem of the DayUITests.xctest */ = {isa = PBXFileReference; explicitFileType = wrapper.cfbundle; includeInIndex = 0; path = "Poem of the DayUITests.xctest"; sourceTree = BUILT_PRODUCTS_DIR; };
		9109EB162CE70172005F1C09 /* Poem of the Day WidgetExtension.appex */ = {isa = PBXFileReference; explicitFileType = "wrapper.app-extension"; includeInIndex = 0; path = "Poem of the Day WidgetExtension.appex"; sourceTree = BUILT_PRODUCTS_DIR; };
		9109EB182CE70172005F1C09 /* WidgetKit.framework */ = {isa = PBXFileReference; lastKnownFileType = wrapper.framework; name = WidgetKit.framework; path = System/Library/Frameworks/WidgetKit.framework; sourceTree = SDKROOT; };
		9109EB1A2CE70172005F1C09 /* SwiftUI.framework */ = {isa = PBXFileReference; lastKnownFileType = wrapper.framework; name = SwiftUI.framework; path = System/Library/Frameworks/SwiftUI.framework; sourceTree = SDKROOT; };
		9109EB392CE793ED005F1C09 /* Poem of the Day WidgetExtension.entitlements */ = {isa = PBXFileReference; lastKnownFileType = text.plist.entitlements; path = "Poem of the Day WidgetExtension.entitlements"; sourceTree = "<group>"; };
		911A8ECF2DEB882300C72055 /* TestPlan.xctestplan */ = {isa = PBXFileReference; lastKnownFileType = text; path = TestPlan.xctestplan; sourceTree = "<group>"; };
		918645872ED6397800F5FCC5 /* .bazelversion 2 */ = {isa = PBXFileReference; lastKnownFileType = text; path = ".bazelversion 2"; sourceTree = "<group>"; };
		918645892ED639A500F5FCC5 /* BAZEL_MIGRATION.md */ = {isa = PBXFileReference; lastKnownFileType = net.daringfireball.markdown; path = BAZEL_MIGRATION.md; sourceTree = "<group>"; };
		9186458D2ED639DE00F5FCC5 /* BAZEL_SETUP_SUMMARY.md */ = {isa = PBXFileReference; lastKnownFileType = net.daringfireball.markdown; path = BAZEL_SETUP_SUMMARY.md; sourceTree = "<group>"; };
		9186458F2ED63A0F00F5FCC5 /* BAZEL_ARCHITECTURE.md */ = {isa = PBXFileReference; lastKnownFileType = net.daringfireball.markdown; path = BAZEL_ARCHITECTURE.md; sourceTree = "<group>"; };
		918645912ED63A1E00F5FCC5 /* .gitignore 2 */ = {isa = PBXFileReference; lastKnownFileType = text; path = ".gitignore 2"; sourceTree = "<group>"; };
		918645932ED63A4800F5FCC5 /* BAZEL_CHECKLIST.md */ = {isa = PBXFileReference; lastKnownFileType = net.daringfireball.markdown; path = BAZEL_CHECKLIST.md; sourceTree = "<group>"; };
		918645952ED63A7600F5FCC5 /* BAZEL_QUICK_REF.txt */ = {isa = PBXFileReference; lastKnownFileType = text; path = BAZEL_QUICK_REF.txt; sourceTree = "<group>"; };
		918645972ED645F500F5FCC5 /* UITestExtensions.swift */ = {isa = PBXFileReference; lastKnownFileType = sourcecode.swift; path = UITestExtensions.swift; sourceTree = "<group>"; };
		91A69DC72CECCBB500E2AC19 /* README.md */ = {isa = PBXFileReference; lastKnownFileType = net.daringfireball.markdown; path = README.md; sourceTree = "<group>"; };
		91E4ECFF2DEB8894006154BA /* Poem of the Day.xctestplan */ = {isa = PBXFileReference; lastKnownFileType = text; path = "Poem of the Day.xctestplan"; sourceTree = "<group>"; };
/* End PBXFileReference section */

/* Begin PBXFileSystemSynchronizedBuildFileExceptionSet section */
		9109EB2D2CE70174005F1C09 /* Exceptions for "Poem of the Day Widget" folder in "Poem of the Day WidgetExtension" target */ = {
			isa = PBXFileSystemSynchronizedBuildFileExceptionSet;
			membershipExceptions = (
				Info.plist,
			);
			target = 9109EB152CE70172005F1C09 /* Poem of the Day WidgetExtension */;
		};
/* End PBXFileSystemSynchronizedBuildFileExceptionSet section */

/* Begin PBXFileSystemSynchronizedRootGroup section */
		9109EAE72CE6F481005F1C09 /* Poem of the Day */ = {
			isa = PBXFileSystemSynchronizedRootGroup;
			path = "Poem of the Day";
			sourceTree = "<group>";
		};
		9109EAF82CE6F483005F1C09 /* Poem of the DayTests */ = {
			isa = PBXFileSystemSynchronizedRootGroup;
			path = "Poem of the DayTests";
			sourceTree = "<group>";
		};
		9109EB022CE6F483005F1C09 /* Poem of the DayUITests */ = {
			isa = PBXFileSystemSynchronizedRootGroup;
			path = "Poem of the DayUITests";
			sourceTree = "<group>";
		};
		9109EB1C2CE70172005F1C09 /* Poem of the Day Widget */ = {
			isa = PBXFileSystemSynchronizedRootGroup;
			exceptions = (
				9109EB2D2CE70174005F1C09 /* Exceptions for "Poem of the Day Widget" folder in "Poem of the Day WidgetExtension" target */,
			);
			path = "Poem of the Day Widget";
			sourceTree = "<group>";
		};
/* End PBXFileSystemSynchronizedRootGroup section */

/* Begin PBXFrameworksBuildPhase section */
		9109EAE22CE6F481005F1C09 /* Frameworks */ = {
			isa = PBXFrameworksBuildPhase;
			buildActionMask = 2147483647;
			files = (
			);
			runOnlyForDeploymentPostprocessing = 0;
		};
		9109EAF22CE6F483005F1C09 /* Frameworks */ = {
			isa = PBXFrameworksBuildPhase;
			buildActionMask = 2147483647;
			files = (
			);
			runOnlyForDeploymentPostprocessing = 0;
		};
		9109EAFC2CE6F483005F1C09 /* Frameworks */ = {
			isa = PBXFrameworksBuildPhase;
			buildActionMask = 2147483647;
			files = (
			);
			runOnlyForDeploymentPostprocessing = 0;
		};
		9109EB132CE70172005F1C09 /* Frameworks */ = {
			isa = PBXFrameworksBuildPhase;
			buildActionMask = 2147483647;
			files = (
				9109EB1B2CE70172005F1C09 /* SwiftUI.framework in Frameworks */,
				9109EB192CE70172005F1C09 /* WidgetKit.framework in Frameworks */,
			);
			runOnlyForDeploymentPostprocessing = 0;
		};
/* End PBXFrameworksBuildPhase section */

/* Begin PBXGroup section */
		9109EADC2CE6F481005F1C09 = {
			isa = PBXGroup;
			children = (
				91E4ECFF2DEB8894006154BA /* Poem of the Day.xctestplan */,
				911A8ECF2DEB882300C72055 /* TestPlan.xctestplan */,
				9109EB392CE793ED005F1C09 /* Poem of the Day WidgetExtension.entitlements */,
				9109EAE72CE6F481005F1C09 /* Poem of the Day */,
				9109EAF82CE6F483005F1C09 /* Poem of the DayTests */,
				9109EB022CE6F483005F1C09 /* Poem of the DayUITests */,
				9109EB1C2CE70172005F1C09 /* Poem of the Day Widget */,
				9109EB172CE70172005F1C09 /* Frameworks */,
				9109EAE62CE6F481005F1C09 /* Products */,
				91A69DC72CECCBB500E2AC19 /* README.md */,
				918645872ED6397800F5FCC5 /* .bazelversion 2 */,
				918645892ED639A500F5FCC5 /* BAZEL_MIGRATION.md */,
				9186458D2ED639DE00F5FCC5 /* BAZEL_SETUP_SUMMARY.md */,
				9186458F2ED63A0F00F5FCC5 /* BAZEL_ARCHITECTURE.md */,
				918645912ED63A1E00F5FCC5 /* .gitignore 2 */,
				918645932ED63A4800F5FCC5 /* BAZEL_CHECKLIST.md */,
				918645952ED63A7600F5FCC5 /* BAZEL_QUICK_REF.txt */,
				918645972ED645F500F5FCC5 /* UITestExtensions.swift */,
			);
			sourceTree = "<group>";
		};
		9109EAE62CE6F481005F1C09 /* Products */ = {
			isa = PBXGroup;
			children = (
				9109EAE52CE6F481005F1C09 /* Poem of the Day.app */,
				9109EAF52CE6F483005F1C09 /* Poem of the DayTests.xctest */,
				9109EAFF2CE6F483005F1C09 /* Poem of the DayUITests.xctest */,
				9109EB162CE70172005F1C09 /* Poem of the Day WidgetExtension.appex */,
			);
			name = Products;
			sourceTree = "<group>";
		};
		9109EB172CE70172005F1C09 /* Frameworks */ = {
			isa = PBXGroup;
			children = (
				9109EB182CE70172005F1C09 /* WidgetKit.framework */,
				9109EB1A2CE70172005F1C09 /* SwiftUI.framework */,
			);
			name = Frameworks;
			sourceTree = "<group>";
		};
/* End PBXGroup section */

/* Begin PBXNativeTarget section */
		9109EAE42CE6F481005F1C09 /* Poem of the Day */ = {
			isa = PBXNativeTarget;
			buildConfigurationList = 9109EB092CE6F483005F1C09 /* Build configuration list for PBXNativeTarget "Poem of the Day" */;
			buildPhases = (
				9109EAE12CE6F481005F1C09 /* Sources */,
				9109EAE22CE6F481005F1C09 /* Frameworks */,
				9109EAE32CE6F481005F1C09 /* Resources */,
				9109EB312CE70174005F1C09 /* Embed Foundation Extensions */,
			);
			buildRules = (
			);
			dependencies = (
				9109EB2B2CE70174005F1C09 /* PBXTargetDependency */,
			);
			fileSystemSynchronizedGroups = (
				9109EAE72CE6F481005F1C09 /* Poem of the Day */,
			);
			name = "Poem of the Day";
			packageProductDependencies = (
			);
			productName = "Poem of the Day";
			productReference = 9109EAE52CE6F481005F1C09 /* Poem of the Day.app */;
			productType = "com.apple.product-type.application";
		};
		9109EAF42CE6F483005F1C09 /* Poem of the DayTests */ = {
			isa = PBXNativeTarget;
			buildConfigurationList = 9109EB0C2CE6F483005F1C09 /* Build configuration list for PBXNativeTarget "Poem of the DayTests" */;
			buildPhases = (
				9109EAF12CE6F483005F1C09 /* Sources */,
				9109EAF22CE6F483005F1C09 /* Frameworks */,
				9109EAF32CE6F483005F1C09 /* Resources */,
			);
			buildRules = (
			);
			dependencies = (
				9109EAF72CE6F483005F1C09 /* PBXTargetDependency */,
			);
			fileSystemSynchronizedGroups = (
				9109EAF82CE6F483005F1C09 /* Poem of the DayTests */,
			);
			name = "Poem of the DayTests";
			packageProductDependencies = (
			);
			productName = "Poem of the DayTests";
			productReference = 9109EAF52CE6F483005F1C09 /* Poem of the DayTests.xctest */;
			productType = "com.apple.product-type.bundle.unit-test";
		};
		9109EAFE2CE6F483005F1C09 /* Poem of the DayUITests */ = {
			isa = PBXNativeTarget;
			buildConfigurationList = 9109EB0F2CE6F483005F1C09 /* Build configuration list for PBXNativeTarget "Poem of the DayUITests" */;
			buildPhases = (
				9109EAFB2CE6F483005F1C09 /* Sources */,
				9109EAFC2CE6F483005F1C09 /* Frameworks */,
				9109EAFD2CE6F483005F1C09 /* Resources */,
			);
			buildRules = (
			);
			dependencies = (
				9109EB012CE6F483005F1C09 /* PBXTargetDependency */,
			);
			fileSystemSynchronizedGroups = (
				9109EB022CE6F483005F1C09 /* Poem of the DayUITests */,
			);
			name = "Poem of the DayUITests";
			packageProductDependencies = (
			);
			productName = "Poem of the DayUITests";
			productReference = 9109EAFF2CE6F483005F1C09 /* Poem of the DayUITests.xctest */;
			productType = "com.apple.product-type.bundle.ui-testing";
		};
		9109EB152CE70172005F1C09 /* Poem of the Day WidgetExtension */ = {
			isa = PBXNativeTarget;
			buildConfigurationList = 9109EB2E2CE70174005F1C09 /* Build configuration list for PBXNativeTarget "Poem of the Day WidgetExtension" */;
			buildPhases = (
				9109EB122CE70172005F1C09 /* Sources */,
				9109EB132CE70172005F1C09 /* Frameworks */,
				9109EB142CE70172005F1C09 /* Resources */,
			);
			buildRules = (
			);
			dependencies = (
			);
			fileSystemSynchronizedGroups = (
				9109EB1C2CE70172005F1C09 /* Poem of the Day Widget */,
			);
			name = "Poem of the Day WidgetExtension";
			packageProductDependencies = (
			);
			productName = "Poem of the Day WidgetExtension";
			productReference = 9109EB162CE70172005F1C09 /* Poem of the Day WidgetExtension.appex */;
			productType = "com.apple.product-type.app-extension";
		};
/* End PBXNativeTarget section */

/* Begin PBXProject section */
		9109EADD2CE6F481005F1C09 /* Project object */ = {
			isa = PBXProject;
			attributes = {
				BuildIndependentTargetsInParallel = 1;
				LastSwiftUpdateCheck = 1610;
				LastUpgradeCheck = 2610;
				TargetAttributes = {
					9109EAE42CE6F481005F1C09 = {
						CreatedOnToolsVersion = 16.1;
					};
					9109EAF42CE6F483005F1C09 = {
						CreatedOnToolsVersion = 16.1;
						TestTargetID = 9109EAE42CE6F481005F1C09;
					};
					9109EAFE2CE6F483005F1C09 = {
						CreatedOnToolsVersion = 16.1;
						TestTargetID = 9109EAE42CE6F481005F1C09;
					};
					9109EB152CE70172005F1C09 = {
						CreatedOnToolsVersion = 16.1;
					};
				};
			};
			buildConfigurationList = 9109EAE02CE6F481005F1C09 /* Build configuration list for PBXProject "Poem of the Day" */;
			developmentRegion = en;
			hasScannedForEncodings = 0;
			knownRegions = (
				en,
				Base,
			);
			mainGroup = 9109EADC2CE6F481005F1C09;
			minimizedProjectReferenceProxies = 1;
			preferredProjectObjectVersion = 77;
			productRefGroup = 9109EAE62CE6F481005F1C09 /* Products */;
			projectDirPath = "";
			projectRoot = "";
			targets = (
				9109EAE42CE6F481005F1C09 /* Poem of the Day */,
				9109EAF42CE6F483005F1C09 /* Poem of the DayTests */,
				9109EAFE2CE6F483005F1C09 /* Poem of the DayUITests */,
				9109EB152CE70172005F1C09 /* Poem of the Day WidgetExtension */,
			);
		};
/* End PBXProject section */

/* Begin PBXResourcesBuildPhase section */
		9109EAE32CE6F481005F1C09 /* Resources */ = {
			isa = PBXResourcesBuildPhase;
			buildActionMask = 2147483647;
			files = (
				9186458E2ED639DE00F5FCC5 /* BAZEL_SETUP_SUMMARY.md in Resources */,
				911A8ED02DEB882300C72055 /* TestPlan.xctestplan in Resources */,
				91A69DC92CECCBBC00E2AC19 /* README.md in Resources */,
				918645942ED63A4800F5FCC5 /* BAZEL_CHECKLIST.md in Resources */,
				9186458A2ED639A500F5FCC5 /* BAZEL_MIGRATION.md in Resources */,
				918645962ED63A7600F5FCC5 /* BAZEL_QUICK_REF.txt in Resources */,
				918645902ED63A0F00F5FCC5 /* BAZEL_ARCHITECTURE.md in Resources */,
				918645922ED63A1E00F5FCC5 /* .gitignore 2 in Resources */,
				918645882ED6397800F5FCC5 /* .bazelversion 2 in Resources */,
			);
			runOnlyForDeploymentPostprocessing = 0;
		};
		9109EAF32CE6F483005F1C09 /* Resources */ = {
			isa = PBXResourcesBuildPhase;
			buildActionMask = 2147483647;
			files = (
			);
			runOnlyForDeploymentPostprocessing = 0;
		};
		9109EAFD2CE6F483005F1C09 /* Resources */ = {
			isa = PBXResourcesBuildPhase;
			buildActionMask = 2147483647;
			files = (
			);
			runOnlyForDeploymentPostprocessing = 0;
		};
		9109EB142CE70172005F1C09 /* Resources */ = {
			isa = PBXResourcesBuildPhase;
			buildActionMask = 2147483647;
			files = (
			);
			runOnlyForDeploymentPostprocessing = 0;
		};
/* End PBXResourcesBuildPhase section */

/* Begin PBXSourcesBuildPhase section */
		9109EAE12CE6F481005F1C09 /* Sources */ = {
			isa = PBXSourcesBuildPhase;
			buildActionMask = 2147483647;
			files = (
				9186458C2ED639B900F5FCC5 /* Makefile in Sources */,
				918645982ED645F500F5FCC5 /* UITestExtensions.swift in Sources */,
			);
			runOnlyForDeploymentPostprocessing = 0;
		};
		9109EAF12CE6F483005F1C09 /* Sources */ = {
			isa = PBXSourcesBuildPhase;
			buildActionMask = 2147483647;
			files = (
			);
			runOnlyForDeploymentPostprocessing = 0;
		};
		9109EAFB2CE6F483005F1C09 /* Sources */ = {
			isa = PBXSourcesBuildPhase;
			buildActionMask = 2147483647;
			files = (
			);
			runOnlyForDeploymentPostprocessing = 0;
		};
		9109EB122CE70172005F1C09 /* Sources */ = {
			isa = PBXSourcesBuildPhase;
			buildActionMask = 2147483647;
			files = (
			);
			runOnlyForDeploymentPostprocessing = 0;
		};
/* End PBXSourcesBuildPhase section */

/* Begin PBXTargetDependency section */
		9109EAF72CE6F483005F1C09 /* PBXTargetDependency */ = {
			isa = PBXTargetDependency;
			target = 9109EAE42CE6F481005F1C09 /* Poem of the Day */;
			targetProxy = 9109EAF62CE6F483005F1C09 /* PBXContainerItemProxy */;
		};
		9109EB012CE6F483005F1C09 /* PBXTargetDependency */ = {
			isa = PBXTargetDependency;
			target = 9109EAE42CE6F481005F1C09 /* Poem of the Day */;
			targetProxy = 9109EB002CE6F483005F1C09 /* PBXContainerItemProxy */;
		};
		9109EB2B2CE70174005F1C09 /* PBXTargetDependency */ = {
			isa = PBXTargetDependency;
			target = 9109EB152CE70172005F1C09 /* Poem of the Day WidgetExtension */;
			targetProxy = 9109EB2A2CE70174005F1C09 /* PBXContainerItemProxy */;
		};
/* End PBXTargetDependency section */

/* Begin XCBuildConfiguration section */
		9109EB072CE6F483005F1C09 /* Debug */ = {
			isa = XCBuildConfiguration;
			buildSettings = {
				ALWAYS_SEARCH_USER_PATHS = NO;
				ASSETCATALOG_COMPILER_GENERATE_SWIFT_ASSET_SYMBOL_EXTENSIONS = YES;
				CLANG_ANALYZER_NONNULL = YES;
				CLANG_ANALYZER_NUMBER_OBJECT_CONVERSION = YES_AGGRESSIVE;
				CLANG_CXX_LANGUAGE_STANDARD = "gnu++20";
				CLANG_ENABLE_MODULES = YES;
				CLANG_ENABLE_OBJC_ARC = YES;
				CLANG_ENABLE_OBJC_WEAK = YES;
				CLANG_WARN_BLOCK_CAPTURE_AUTORELEASING = YES;
				CLANG_WARN_BOOL_CONVERSION = YES;
				CLANG_WARN_COMMA = YES;
				CLANG_WARN_CONSTANT_CONVERSION = YES;
				CLANG_WARN_DEPRECATED_OBJC_IMPLEMENTATIONS = YES;
				CLANG_WARN_DIRECT_OBJC_ISA_USAGE = YES_ERROR;
				CLANG_WARN_DOCUMENTATION_COMMENTS = YES;
				CLANG_WARN_EMPTY_BODY = YES;
				CLANG_WARN_ENUM_CONVERSION = YES;
				CLANG_WARN_INFINITE_RECURSION = YES;
				CLANG_WARN_INT_CONVERSION = YES;
				CLANG_WARN_NON_LITERAL_NULL_CONVERSION = YES;
				CLANG_WARN_OBJC_IMPLICIT_RETAIN_SELF = YES;
				CLANG_WARN_OBJC_LITERAL_CONVERSION = YES;
				CLANG_WARN_OBJC_ROOT_CLASS = YES_ERROR;
				CLANG_WARN_QUOTED_INCLUDE_IN_FRAMEWORK_HEADER = YES;
				CLANG_WARN_RANGE_LOOP_ANALYSIS = YES;
				CLANG_WARN_STRICT_PROTOTYPES = YES;
				CLANG_WARN_SUSPICIOUS_MOVE = YES;
				CLANG_WARN_UNGUARDED_AVAILABILITY = YES_AGGRESSIVE;
				CLANG_WARN_UNREACHABLE_CODE = YES;
				CLANG_WARN__DUPLICATE_METHOD_MATCH = YES;
				COPY_PHASE_STRIP = NO;
				DEBUG_INFORMATION_FORMAT = dwarf;
				DEVELOPMENT_TEAM = J4QUKKF6V3;
				ENABLE_STRICT_OBJC_MSGSEND = YES;
				ENABLE_TESTABILITY = YES;
				ENABLE_USER_SCRIPT_SANDBOXING = YES;
				GCC_C_LANGUAGE_STANDARD = gnu17;
				GCC_DYNAMIC_NO_PIC = NO;
				GCC_NO_COMMON_BLOCKS = YES;
				GCC_OPTIMIZATION_LEVEL = 0;
				GCC_PREPROCESSOR_DEFINITIONS = (
					"DEBUG=1",
					"$(inherited)",
				);
				GCC_WARN_64_TO_32_BIT_CONVERSION = YES;
				GCC_WARN_ABOUT_RETURN_TYPE = YES_ERROR;
				GCC_WARN_UNDECLARED_SELECTOR = YES;
				GCC_WARN_UNINITIALIZED_AUTOS = YES_AGGRESSIVE;
				GCC_WARN_UNUSED_FUNCTION = YES;
				GCC_WARN_UNUSED_VARIABLE = YES;
				IPHONEOS_DEPLOYMENT_TARGET = 26.0;
				LOCALIZATION_PREFERS_STRING_CATALOGS = YES;
				MTL_ENABLE_DEBUG_INFO = INCLUDE_SOURCE;
				MTL_FAST_MATH = YES;
				ONLY_ACTIVE_ARCH = YES;
				SDKROOT = iphoneos;
				STRING_CATALOG_GENERATE_SYMBOLS = YES;
				SWIFT_ACTIVE_COMPILATION_CONDITIONS = "DEBUG $(inherited)";
				SWIFT_OPTIMIZATION_LEVEL = "-Onone";
			};
			name = Debug;
		};
		9109EB082CE6F483005F1C09 /* Release */ = {
			isa = XCBuildConfiguration;
			buildSettings = {
				ALWAYS_SEARCH_USER_PATHS = NO;
				ASSETCATALOG_COMPILER_GENERATE_SWIFT_ASSET_SYMBOL_EXTENSIONS = YES;
				CLANG_ANALYZER_NONNULL = YES;
				CLANG_ANALYZER_NUMBER_OBJECT_CONVERSION = YES_AGGRESSIVE;
				CLANG_CXX_LANGUAGE_STANDARD = "gnu++20";
				CLANG_ENABLE_MODULES = YES;
				CLANG_ENABLE_OBJC_ARC = YES;
				CLANG_ENABLE_OBJC_WEAK = YES;
				CLANG_WARN_BLOCK_CAPTURE_AUTORELEASING = YES;
				CLANG_WARN_BOOL_CONVERSION = YES;
				CLANG_WARN_COMMA = YES;
				CLANG_WARN_CONSTANT_CONVERSION = YES;
				CLANG_WARN_DEPRECATED_OBJC_IMPLEMENTATIONS = YES;
				CLANG_WARN_DIRECT_OBJC_ISA_USAGE = YES_ERROR;
				CLANG_WARN_DOCUMENTATION_COMMENTS = YES;
				CLANG_WARN_EMPTY_BODY = YES;
				CLANG_WARN_ENUM_CONVERSION = YES;
				CLANG_WARN_INFINITE_RECURSION = YES;
				CLANG_WARN_INT_CONVERSION = YES;
				CLANG_WARN_NON_LITERAL_NULL_CONVERSION = YES;
				CLANG_WARN_OBJC_IMPLICIT_RETAIN_SELF = YES;
				CLANG_WARN_OBJC_LITERAL_CONVERSION = YES;
				CLANG_WARN_OBJC_ROOT_CLASS = YES_ERROR;
				CLANG_WARN_QUOTED_INCLUDE_IN_FRAMEWORK_HEADER = YES;
				CLANG_WARN_RANGE_LOOP_ANALYSIS = YES;
				CLANG_WARN_STRICT_PROTOTYPES = YES;
				CLANG_WARN_SUSPICIOUS_MOVE = YES;
				CLANG_WARN_UNGUARDED_AVAILABILITY = YES_AGGRESSIVE;
				CLANG_WARN_UNREACHABLE_CODE = YES;
				CLANG_WARN__DUPLICATE_METHOD_MATCH = YES;
				COPY_PHASE_STRIP = NO;
				DEBUG_INFORMATION_FORMAT = "dwarf-with-dsym";
				DEVELOPMENT_TEAM = J4QUKKF6V3;
				ENABLE_NS_ASSERTIONS = NO;
				ENABLE_STRICT_OBJC_MSGSEND = YES;
				ENABLE_USER_SCRIPT_SANDBOXING = YES;
				GCC_C_LANGUAGE_STANDARD = gnu17;
				GCC_NO_COMMON_BLOCKS = YES;
				GCC_WARN_64_TO_32_BIT_CONVERSION = YES;
				GCC_WARN_ABOUT_RETURN_TYPE = YES_ERROR;
				GCC_WARN_UNDECLARED_SELECTOR = YES;
				GCC_WARN_UNINITIALIZED_AUTOS = YES_AGGRESSIVE;
				GCC_WARN_UNUSED_FUNCTION = YES;
				GCC_WARN_UNUSED_VARIABLE = YES;
				IPHONEOS_DEPLOYMENT_TARGET = 26.0;
				LOCALIZATION_PREFERS_STRING_CATALOGS = YES;
				MTL_ENABLE_DEBUG_INFO = NO;
				MTL_FAST_MATH = YES;
				SDKROOT = iphoneos;
				STRING_CATALOG_GENERATE_SYMBOLS = YES;
				SWIFT_COMPILATION_MODE = wholemodule;
				VALIDATE_PRODUCT = YES;
			};
			name = Release;
		};
		9109EB0A2CE6F483005F1C09 /* Debug */ = {
			isa = XCBuildConfiguration;
			buildSettings = {
				ALLOW_TARGET_PLATFORM_SPECIALIZATION = YES;
				ASSETCATALOG_COMPILER_APPICON_NAME = AppIcon;
				ASSETCATALOG_COMPILER_GLOBAL_ACCENT_COLOR_NAME = AccentColor;
				BUILD_LIBRARY_FOR_DISTRIBUTION = YES;
				CODE_SIGN_ENTITLEMENTS = "Poem of the Day/Poem of the Day.entitlements";
				CODE_SIGN_STYLE = Automatic;
				CURRENT_PROJECT_VERSION = 1;
				DEVELOPMENT_ASSET_PATHS = "\"Poem of the Day/Preview Content\"";
				ENABLE_PREVIEWS = YES;
				GENERATE_INFOPLIST_FILE = YES;
				INFOPLIST_KEY_UIApplicationSceneManifest_Generation = YES;
				INFOPLIST_KEY_UIApplicationSupportsIndirectInputEvents = YES;
				INFOPLIST_KEY_UILaunchScreen_Generation = YES;
				INFOPLIST_KEY_UISupportedInterfaceOrientations = "UIInterfaceOrientationLandscapeLeft UIInterfaceOrientationLandscapeRight UIInterfaceOrientationPortrait UIInterfaceOrientationPortraitUpsideDown";
				IPHONEOS_DEPLOYMENT_TARGET = 26.0;
				LD_RUNPATH_SEARCH_PATHS = (
					"$(inherited)",
					"@executable_path/Frameworks",
				);
				MACOSX_DEPLOYMENT_TARGET = 15.0;
				MARKETING_VERSION = 1.3;
				PRODUCT_BUNDLE_IDENTIFIER = "Stevereitz.Poem-of-the-Day";
				PRODUCT_NAME = "$(TARGET_NAME)";
				REGISTER_APP_GROUPS = YES;
				SUPPORTED_PLATFORMS = "iphoneos iphonesimulator";
				SUPPORTS_MACCATALYST = NO;
				SWIFT_EMIT_LOC_STRINGS = YES;
				SWIFT_VERSION = 5.0;
				TARGETED_DEVICE_FAMILY = "1,2,7";
				XROS_DEPLOYMENT_TARGET = 2.0;
			};
			name = Debug;
		};
		9109EB0B2CE6F483005F1C09 /* Release */ = {
			isa = XCBuildConfiguration;
			buildSettings = {
				ALLOW_TARGET_PLATFORM_SPECIALIZATION = YES;
				ASSETCATALOG_COMPILER_APPICON_NAME = AppIcon;
				ASSETCATALOG_COMPILER_GLOBAL_ACCENT_COLOR_NAME = AccentColor;
				BUILD_LIBRARY_FOR_DISTRIBUTION = YES;
				CODE_SIGN_ENTITLEMENTS = "Poem of the Day/Poem of the Day.entitlements";
				CODE_SIGN_STYLE = Automatic;
				CURRENT_PROJECT_VERSION = 1;
				DEVELOPMENT_ASSET_PATHS = "\"Poem of the Day/Preview Content\"";
				ENABLE_PREVIEWS = YES;
				GENERATE_INFOPLIST_FILE = YES;
				INFOPLIST_KEY_UIApplicationSceneManifest_Generation = YES;
				INFOPLIST_KEY_UIApplicationSupportsIndirectInputEvents = YES;
				INFOPLIST_KEY_UILaunchScreen_Generation = YES;
				INFOPLIST_KEY_UISupportedInterfaceOrientations = "UIInterfaceOrientationLandscapeLeft UIInterfaceOrientationLandscapeRight UIInterfaceOrientationPortrait UIInterfaceOrientationPortraitUpsideDown";
				IPHONEOS_DEPLOYMENT_TARGET = 26.0;
				LD_RUNPATH_SEARCH_PATHS = (
					"$(inherited)",
					"@executable_path/Frameworks",
				);
				MACOSX_DEPLOYMENT_TARGET = 15.0;
				MARKETING_VERSION = 1.3;
				ONLY_ACTIVE_ARCH = YES;
				PRODUCT_BUNDLE_IDENTIFIER = "Stevereitz.Poem-of-the-Day";
				PRODUCT_NAME = "$(TARGET_NAME)";
				REGISTER_APP_GROUPS = YES;
				SUPPORTED_PLATFORMS = "iphoneos iphonesimulator";
				SUPPORTS_MACCATALYST = NO;
				SWIFT_EMIT_LOC_STRINGS = YES;
				SWIFT_VERSION = 5.0;
				TARGETED_DEVICE_FAMILY = "1,2,7";
				XROS_DEPLOYMENT_TARGET = 2.0;
			};
			name = Release;
		};
		9109EB0D2CE6F483005F1C09 /* Debug */ = {
			isa = XCBuildConfiguration;
			buildSettings = {
				BUNDLE_LOADER = "$(TEST_HOST)";
				CODE_SIGN_STYLE = Automatic;
				CURRENT_PROJECT_VERSION = 1;
				GENERATE_INFOPLIST_FILE = YES;
				IPHONEOS_DEPLOYMENT_TARGET = 26.0;
				MARKETING_VERSION = 1.0;
				PRODUCT_BUNDLE_IDENTIFIER = "Stevereitz.Poem-of-the-DayTests";
				PRODUCT_NAME = "$(TARGET_NAME)";
				SWIFT_EMIT_LOC_STRINGS = NO;
				SWIFT_VERSION = 5.0;
				TARGETED_DEVICE_FAMILY = "1,2";
				TEST_HOST = "$(BUILT_PRODUCTS_DIR)/Poem of the Day.app/$(BUNDLE_EXECUTABLE_FOLDER_PATH)/Poem of the Day";
			};
			name = Debug;
		};
		9109EB0E2CE6F483005F1C09 /* Release */ = {
			isa = XCBuildConfiguration;
			buildSettings = {
				BUNDLE_LOADER = "$(TEST_HOST)";
				CODE_SIGN_STYLE = Automatic;
				CURRENT_PROJECT_VERSION = 1;
				GENERATE_INFOPLIST_FILE = YES;
				IPHONEOS_DEPLOYMENT_TARGET = 26.0;
				MARKETING_VERSION = 1.0;
				PRODUCT_BUNDLE_IDENTIFIER = "Stevereitz.Poem-of-the-DayTests";
				PRODUCT_NAME = "$(TARGET_NAME)";
				SWIFT_EMIT_LOC_STRINGS = NO;
				SWIFT_VERSION = 5.0;
				TARGETED_DEVICE_FAMILY = "1,2";
				TEST_HOST = "$(BUILT_PRODUCTS_DIR)/Poem of the Day.app/$(BUNDLE_EXECUTABLE_FOLDER_PATH)/Poem of the Day";
			};
			name = Release;
		};
		9109EB102CE6F483005F1C09 /* Debug */ = {
			isa = XCBuildConfiguration;
			buildSettings = {
				CODE_SIGN_STYLE = Automatic;
				CURRENT_PROJECT_VERSION = 1;
				GENERATE_INFOPLIST_FILE = YES;
				MARKETING_VERSION = 1.0;
				PRODUCT_BUNDLE_IDENTIFIER = "Stevereitz.Poem-of-the-DayUITests";
				PRODUCT_NAME = "$(TARGET_NAME)";
				SWIFT_EMIT_LOC_STRINGS = NO;
				SWIFT_VERSION = 5.0;
				TARGETED_DEVICE_FAMILY = "1,2";
				TEST_TARGET_NAME = "Poem of the Day";
			};
			name = Debug;
		};
		9109EB112CE6F483005F1C09 /* Release */ = {
			isa = XCBuildConfiguration;
			buildSettings = {
				CODE_SIGN_STYLE = Automatic;
				CURRENT_PROJECT_VERSION = 1;
				GENERATE_INFOPLIST_FILE = YES;
				MARKETING_VERSION = 1.0;
				PRODUCT_BUNDLE_IDENTIFIER = "Stevereitz.Poem-of-the-DayUITests";
				PRODUCT_NAME = "$(TARGET_NAME)";
				SWIFT_EMIT_LOC_STRINGS = NO;
				SWIFT_VERSION = 5.0;
				TARGETED_DEVICE_FAMILY = "1,2";
				TEST_TARGET_NAME = "Poem of the Day";
			};
			name = Release;
		};
		9109EB2F2CE70174005F1C09 /* Debug */ = {
			isa = XCBuildConfiguration;
			buildSettings = {
				ASSETCATALOG_COMPILER_GLOBAL_ACCENT_COLOR_NAME = AccentColor;
				ASSETCATALOG_COMPILER_WIDGET_BACKGROUND_COLOR_NAME = WidgetBackground;
				CODE_SIGN_ENTITLEMENTS = "Poem of the Day WidgetExtension.entitlements";
				CODE_SIGN_STYLE = Automatic;
				CURRENT_PROJECT_VERSION = 1;
				GENERATE_INFOPLIST_FILE = YES;
				INFOPLIST_FILE = "Poem of the Day Widget/Info.plist";
				INFOPLIST_KEY_CFBundleDisplayName = "Poem of the Day Widget";
				INFOPLIST_KEY_NSHumanReadableCopyright = "";
				IPHONEOS_DEPLOYMENT_TARGET = 26.0;
				LD_RUNPATH_SEARCH_PATHS = (
					"$(inherited)",
					"@executable_path/Frameworks",
					"@executable_path/../../Frameworks",
				);
				MARKETING_VERSION = 1.3;
				PRODUCT_BUNDLE_IDENTIFIER = "Stevereitz.Poem-of-the-Day.Poem-of-the-Day-Widget";
				PRODUCT_NAME = "$(TARGET_NAME)";
				SKIP_INSTALL = YES;
				SWIFT_EMIT_LOC_STRINGS = YES;
				SWIFT_VERSION = 5.0;
				TARGETED_DEVICE_FAMILY = "1,2";
			};
			name = Debug;
		};
		9109EB302CE70174005F1C09 /* Release */ = {
			isa = XCBuildConfiguration;
			buildSettings = {
				ASSETCATALOG_COMPILER_GLOBAL_ACCENT_COLOR_NAME = AccentColor;
				ASSETCATALOG_COMPILER_WIDGET_BACKGROUND_COLOR_NAME = WidgetBackground;
				CODE_SIGN_ENTITLEMENTS = "Poem of the Day WidgetExtension.entitlements";
				CODE_SIGN_STYLE = Automatic;
				CURRENT_PROJECT_VERSION = 1;
				GENERATE_INFOPLIST_FILE = YES;
				INFOPLIST_FILE = "Poem of the Day Widget/Info.plist";
				INFOPLIST_KEY_CFBundleDisplayName = "Poem of the Day Widget";
				INFOPLIST_KEY_NSHumanReadableCopyright = "";
				IPHONEOS_DEPLOYMENT_TARGET = 26.0;
				LD_RUNPATH_SEARCH_PATHS = (
					"$(inherited)",
					"@executable_path/Frameworks",
					"@executable_path/../../Frameworks",
				);
				MARKETING_VERSION = 1.3;
				PRODUCT_BUNDLE_IDENTIFIER = "Stevereitz.Poem-of-the-Day.Poem-of-the-Day-Widget";
				PRODUCT_NAME = "$(TARGET_NAME)";
				SKIP_INSTALL = YES;
				SWIFT_EMIT_LOC_STRINGS = YES;
				SWIFT_VERSION = 5.0;
				TARGETED_DEVICE_FAMILY = "1,2";
			};
			name = Release;
		};
/* End XCBuildConfiguration section */

/* Begin XCConfigurationList section */
		9109EAE02CE6F481005F1C09 /* Build configuration list for PBXProject "Poem of the Day" */ = {
			isa = XCConfigurationList;
			buildConfigurations = (
				9109EB072CE6F483005F1C09 /* Debug */,
				9109EB082CE6F483005F1C09 /* Release */,
			);
			defaultConfigurationIsVisible = 0;
			defaultConfigurationName = Release;
		};
		9109EB092CE6F483005F1C09 /* Build configuration list for PBXNativeTarget "Poem of the Day" */ = {
			isa = XCConfigurationList;
			buildConfigurations = (
				9109EB0A2CE6F483005F1C09 /* Debug */,
				9109EB0B2CE6F483005F1C09 /* Release */,
			);
			defaultConfigurationIsVisible = 0;
			defaultConfigurationName = Release;
		};
		9109EB0C2CE6F483005F1C09 /* Build configuration list for PBXNativeTarget "Poem of the DayTests" */ = {
			isa = XCConfigurationList;
			buildConfigurations = (
				9109EB0D2CE6F483005F1C09 /* Debug */,
				9109EB0E2CE6F483005F1C09 /* Release */,
			);
			defaultConfigurationIsVisible = 0;
			defaultConfigurationName = Release;
		};
		9109EB0F2CE6F483005F1C09 /* Build configuration list for PBXNativeTarget "Poem of the DayUITests" */ = {
			isa = XCConfigurationList;
			buildConfigurations = (
				9109EB102CE6F483005F1C09 /* Debug */,
				9109EB112CE6F483005F1C09 /* Release */,
			);
			defaultConfigurationIsVisible = 0;
			defaultConfigurationName = Release;
		};
		9109EB2E2CE70174005F1C09 /* Build configuration list for PBXNativeTarget "Poem of the Day WidgetExtension" */ = {
			isa = XCConfigurationList;
			buildConfigurations = (
				9109EB2F2CE70174005F1C09 /* Debug */,
				9109EB302CE70174005F1C09 /* Release */,
			);
			defaultConfigurationIsVisible = 0;
			defaultConfigurationName = Release;
		};
/* End XCConfigurationList section */
	};
	rootObject = 9109EADD2CE6F481005F1C09 /* Project object */;
}
